github.com/two/d v1.4.0 h1:Umfyk0/bT1CVbpZnBMb8ZWivVn794HFYpTeRL5OSnc8=
github.com/two/d v1.4.0/go.mod h1:fAg6MyXvtnCUuov3tcLoCmXTV7c99ECaEKVw442oC/c=
github.com/two/e v1.2.0 h1:jJIqW7+D0MJh8g5B1amYojQvtQdhKsYqEe17QWU6oEw=
github.com/two/e v1.2.0/go.mod h1:RczHMX2xzAngm2z2jYPtHRxyJWl99oJDlZI7RHy7zfo=
