github.com/two/f v1.1.0 h1:dNFUxmhP64A4BIxlI4F9vraG6snBV/UjGe0Vod8CXho=
github.com/two/f v1.1.0/go.mod h1:buQ/ZEGBVlMU2xGMfgKig/Sn1d/6addjRnsFb1mH2DQ=
github.com/two/g v1.1.0 h1:eBWE3BIwdZ3/tcnA/4KZWKRBxHnWGWopcn72wbhN/M8=
github.com/two/g v1.1.0/go.mod h1:a/jbi0S1ZL9XI+Fqd3Ca1618vwkl8Js166KP13u/EHw=
